{
  "nodes": {
    "ferrix": {
      "locked": {
        "lastModified": 1758238484,
        "narHash": "sha256-Q7mW/aRJJ7UW2lONpyIc5GXFppMoHdEpK23nfoq4/4I=",
        "owner": "ryanccn",
        "repo": "ferrix",
        "rev": "ed5e1379376d230217e41720bb84df7adda75c12",
        "type": "github"
      },
      "original": {
        "owner": "ryanccn",
        "repo": "ferrix",
        "type": "github"
      }
    },
    "nixpkgs": {
      "locked": {
        "lastModified": 1758029226,
        "narHash": "sha256-TjqVmbpoCqWywY9xIZLTf6ANFvDCXdctCjoYuYPYdMI=",
        "owner": "NixOS",
        "repo": "nixpkgs",
        "rev": "08b8f92ac6354983f5382124fef6006cade4a1c1",
        "type": "github"
      },
      "original": {
        "owner": "NixOS",
        "ref": "nixpkgs-unstable",
        "repo": "nixpkgs",
        "type": "github"
      }
    },
    "root": {
      "inputs": {
        "ferrix": "ferrix",
        "nixpkgs": "nixpkgs"
      }
    }
  },
  "root": "root",
  "version": 7
}
